
Microsoft Visual Studio Solution File, Format Version 12.00
# Visual Studio 15
VisualStudioVersion = 15.0.28307.329
MinimumVisualStudioVersion = 10.0.40219.1
Project("{FAE04EC0-301F-11D3-BF4B-00C04F79EFBC}") = "Spice", "Spice\Spice.csproj", "{3D39380A-1F3F-41DA-8DD7-E22D957DAD1A}"
EndProject
Global
	GlobalSection(SolutionConfigurationPlatforms) = preSolution
		Debug|Any CPU = Debug|Any CPU
		Release|Any CPU = Release|Any CPU
	EndGlobalSection
	GlobalSection(ProjectConfigurationPlatforms) = postSolution
		{3D39380A-1F3F-41DA-8DD7-E22D957DAD1A}.Debug|Any CPU.ActiveCfg = Debug|Any CPU
		{3D39380A-1F3F-41DA-8DD7-E22D957DAD1A}.Debug|Any CPU.Build.0 = Debug|Any CPU
		{3D39380A-1F3F-41DA-8DD7-E22D957DAD1A}.Release|Any CPU.ActiveCfg = Release|Any CPU
		{3D39380A-1F3F-41DA-8DD7-E22D957DAD1A}.Release|Any CPU.Build.0 = Release|Any CPU
	EndGlobalSection
	GlobalSection(SolutionProperties) = preSolution
		HideSolutionNode = FALSE
	EndGlobalSection
	GlobalSection(ExtensibilityGlobals) = postSolution
		SolutionGuid = {666B3CF6-2103-4908-B61F-2A85EEBF8094}
	EndGlobalSection
EndGlobal
